version = 1
revision = 3
requires-python = ">=3.12"

[[package]]
name = "colorama"
version = "0.4.6"
source = { registry = "https://pypi.org/simple" }
sdist = { url = "https://files.pythonhosted.org/packages/d8/53/6f443c9a4a8358a93a6792e2acffb9d9d5cb0a5cfd8802644b7b1c9a02e4/colorama-0.4.6.tar.gz", hash = "sha256:08695f5cb7ed6e0531a20572697297273c47b8cae5a63ffc6d6ed5c201be6e44", size = 27697, upload-time = "2022-10-25T02:36:22.414Z" }
wheels = [
    { url = "https://files.pythonhosted.org/packages/d1/d6/3965ed04c63042e047cb6a3e6ed1a63a35087b6a609aa3a15ed8ac56c221/colorama-0.4.6-py2.py3-none-any.whl", hash = "sha256:4f1d9991f5acc0ca119f9d443620b77f9d6b33703e51011c16baf57afb285fc6", size = 25335, upload-time = "2022-10-25T02:36:20.889Z" },
]

[[package]]
name = "confluent-kafka"
version = "2.4.0"
source = { registry = "https://pypi.org/simple" }
sdist = { url = "https://files.pythonhosted.org/packages/a7/ea/514e45f106979862aaba3d70098115b2aa991a456dbbc8da7c43633aeb21/confluent-kafka-2.4.0.tar.gz", hash = "sha256:201c6182304c5864c8a1b1aae2f99bf51fa332017abbec05a3a1fb2ff242c41d", size = 134820, upload-time = "2024-05-07T16:28:27.417Z" }
wheels = [
    { url = "https://files.pythonhosted.org/packages/b2/05/6f850cfee3226ffd60209a64304de00bfc6285de41c7ba466303d31b43e0/confluent_kafka-2.4.0-cp312-cp312-macosx_10_9_x86_64.whl", hash = "sha256:a11acfd79f0448095c6492d2ea34cd3df4864d78d72326bed0859d875eb7a62d", size = 3294389, upload-time = "2024-05-07T16:27:13.73Z" },
    { url = "https://files.pythonhosted.org/packages/11/df/b43efc76536d50df78fe0d00fd8fe2c15732a0fc33bd608214664640e9ea/confluent_kafka-2.4.0-cp312-cp312-macosx_11_0_arm64.whl", hash = "sha256:dd53d58a6648e4d5e435ff5178248b91af050a4478ed51a95b2b0eaedddafdb1", size = 2831955, upload-time = "2024-05-07T16:27:16.55Z" },
    { url = "https://files.pythonhosted.org/packages/da/a6/40019d243344e12d2072365ed84caaa9e8f402a59c20ab880814b6593f26/confluent_kafka-2.4.0-cp312-cp312-manylinux_2_17_x86_64.manylinux2014_x86_64.whl", hash = "sha256:8a5e9cc9fff71c70f1520ab917f33cf66181b29c46cf9940da1af6a52cc086a6", size = 4060034, upload-time = "2024-05-07T16:27:19.008Z" },
    { url = "https://files.pythonhosted.org/packages/5d/53/143b9c5652987af63ad19c4fa2b697f6f4d5c6b0b2c15ed5c34c7c525547/confluent_kafka-2.4.0-cp312-cp312-manylinux_2_28_aarch64.whl", hash = "sha256:b0d5a2d7563b9ca9bef09668d6aae6e360f1e9455672dc0886d78d76ced682c9", size = 14221744, upload-time = "2024-05-07T16:27:23.019Z" },
    { url = "https://files.pythonhosted.org/packages/61/84/519ee6557c260f809c33a66cdc1ee87cac6d8a21b4ad19f98df5c7b7c037/confluent_kafka-2.4.0-cp312-cp312-win_amd64.whl", hash = "sha256:d09aa0c67532c47ec6cd08c50feaa8338e77d18fc83181c46e5a5cb88a5b25ce", size = 3461347, upload-time = "2024-05-07T16:27:25.649Z" },
]

[[package]]
name = "iniconfig"
version = "2.3.0"
source = { registry = "https://pypi.org/simple" }
sdist = { url = "https://files.pythonhosted.org/packages/72/34/14ca021ce8e5dfedc35312d08ba8bf51fdd999c576889fc2c24cb97f4f10/iniconfig-2.3.0.tar.gz", hash = "sha256:c76315c77db068650d49c5b56314774a7804df16fee4402c1f19d6d15d8c4730", size = 20503, upload-time = "2025-10-18T21:55:43.219Z" }
wheels = [
    { url = "https://files.pythonhosted.org/packages/cb/b1/3846dd7f199d53cb17f49cba7e651e9ce294d8497c8c150530ed11865bb8/iniconfig-2.3.0-py3-none-any.whl", hash = "sha256:f631c04d2c48c52b84d0d0549c99ff3859c98df65b3101406327ecc7d53fbf12", size = 7484, upload-time = "2025-10-18T21:55:41.639Z" },
]

[[package]]
name = "packaging"
version = "26.2"
source = { registry = "https://pypi.org/simple" }
sdist = { url = "https://files.pythonhosted.org/packages/d7/f1/e7a6dd94a8d4a5626c03e4e99c87f241ba9e350cd9e6d75123f992427270/packaging-26.2.tar.gz", hash = "sha256:ff452ff5a3e828ce110190feff1178bb1f2ea2281fa2075aadb987c2fb221661", size = 228134, upload-time = "2026-04-24T20:15:23.917Z" }
wheels = [
    { url = "https://files.pythonhosted.org/packages/df/b2/87e62e8c3e2f4b32e5fe99e0b86d576da1312593b39f47d8ceef365e95ed/packaging-26.2-py3-none-any.whl", hash = "sha256:5fc45236b9446107ff2415ce77c807cee2862cb6fac22b8a73826d0693b0980e", size = 100195, upload-time = "2026-04-24T20:15:22.081Z" },
]

[[package]]
name = "pluggy"
version = "1.6.0"
source = { registry = "https://pypi.org/simple" }
sdist = { url = "https://files.pythonhosted.org/packages/f9/e2/3e91f31a7d2b083fe6ef3fa267035b518369d9511ffab804f839851d2779/pluggy-1.6.0.tar.gz", hash = "sha256:7dcc130b76258d33b90f61b658791dede3486c3e6bfb003ee5c9bfb396dd22f3", size = 69412, upload-time = "2025-05-15T12:30:07.975Z" }
wheels = [
    { url = "https://files.pythonhosted.org/packages/54/20/4d324d65cc6d9205fabedc306948156824eb9f0ee1633355a8f7ec5c66bf/pluggy-1.6.0-py3-none-any.whl", hash = "sha256:e920276dd6813095e9377c0bc5566d94c932c33b27a3e3945d8389c374dd4746", size = 20538, upload-time = "2025-05-15T12:30:06.134Z" },
]

[[package]]
name = "prometheus-client"
version = "0.20.0"
source = { registry = "https://pypi.org/simple" }
sdist = { url = "https://files.pythonhosted.org/packages/3d/39/3be07741a33356127c4fe633768ee450422c1231c6d34b951fee1458308d/prometheus_client-0.20.0.tar.gz", hash = "sha256:287629d00b147a32dcb2be0b9df905da599b2d82f80377083ec8463309a4bb89", size = 78278, upload-time = "2024-02-14T15:55:14.761Z" }
wheels = [
    { url = "https://files.pythonhosted.org/packages/c7/98/745b810d822103adca2df8decd4c0bbe839ba7ad3511af3f0d09692fc0f0/prometheus_client-0.20.0-py3-none-any.whl", hash = "sha256:cde524a85bce83ca359cc837f28b8c0db5cac7aa653a588fd7e84ba061c329e7", size = 54474, upload-time = "2024-02-14T15:55:03.957Z" },
]

[[package]]
name = "pytest"
version = "8.2.0"
source = { registry = "https://pypi.org/simple" }
dependencies = [
    { name = "colorama", marker = "sys_platform == 'win32'" },
    { name = "iniconfig" },
    { name = "packaging" },
    { name = "pluggy" },
]
sdist = { url = "https://files.pythonhosted.org/packages/09/9d/78b3785134306efe9329f40815af45b9215068d6ae4747ec0bc91ff1f4aa/pytest-8.2.0.tar.gz", hash = "sha256:d507d4482197eac0ba2bae2e9babf0672eb333017bcedaa5fb1a3d42c1174b3f", size = 1422883, upload-time = "2024-04-27T23:34:55.027Z" }
wheels = [
    { url = "https://files.pythonhosted.org/packages/c4/43/6b1debd95ecdf001bc46789a933f658da3f9738c65f32db3f4e8f2a4ca97/pytest-8.2.0-py3-none-any.whl", hash = "sha256:1733f0620f6cda4095bbf0d9ff8022486e91892245bb9e7d5542c018f612f233", size = 339229, upload-time = "2024-04-27T23:34:52.413Z" },
]

[[package]]
name = "structlog"
version = "24.1.0"
source = { registry = "https://pypi.org/simple" }
sdist = { url = "https://files.pythonhosted.org/packages/d1/ac/87aedb7a9ba52f645b9d29a7f48bb12a5c6b7e204b8137549fbe4754b563/structlog-24.1.0.tar.gz", hash = "sha256:41a09886e4d55df25bdcb9b5c9674bccfab723ff43e0a86a1b7b236be8e57b16", size = 1340948, upload-time = "2024-01-08T09:52:54.24Z" }
wheels = [
    { url = "https://files.pythonhosted.org/packages/ae/5c/c22ca8b8715dd625bbdd6bc7ec87395e29940642d8dff213fad1aa8ce84d/structlog-24.1.0-py3-none-any.whl", hash = "sha256:3f6efe7d25fab6e86f277713c218044669906537bb717c1807a09d46bca0714d", size = 65692, upload-time = "2024-01-08T09:52:50.99Z" },
]

[[package]]
name = "worker-service"
version = "0.1.0"
source = { virtual = "." }
dependencies = [
    { name = "confluent-kafka" },
    { name = "prometheus-client" },
    { name = "structlog" },
]

[package.dev-dependencies]
dev = [
    { name = "pytest" },
]

[package.metadata]
requires-dist = [
    { name = "confluent-kafka", specifier = "==2.4.0" },
    { name = "prometheus-client", specifier = "==0.20.0" },
    { name = "structlog", specifier = "==24.1.0" },
]

[package.metadata.requires-dev]
dev = [{ name = "pytest", specifier = "==8.2.0" }]
